
Microsoft Visual Studio Solution File, Format Version 12.00
# Visual Studio Version 16
VisualStudioVersion = 16.0.31410.357
MinimumVisualStudioVersion = 10.0.40219.1
Project("{FAE04EC0-301F-11D3-BF4B-00C04F79EFBC}") = "Obilig 2. Sep", "Obilig 2. Sep\Obilig 2. Sep.csproj", "{0DDBF157-559D-49CC-9192-5EBEAC2E8BFC}"
EndProject
Global
	GlobalSection(SolutionConfigurationPlatforms) = preSolution
		Debug|Any CPU = Debug|Any CPU
		Release|Any CPU = Release|Any CPU
	EndGlobalSection
	GlobalSection(ProjectConfigurationPlatforms) = postSolution
		{0DDBF157-559D-49CC-9192-5EBEAC2E8BFC}.Debug|Any CPU.ActiveCfg = Debug|Any CPU
		{0DDBF157-559D-49CC-9192-5EBEAC2E8BFC}.Debug|Any CPU.Build.0 = Debug|Any CPU
		{0DDBF157-559D-49CC-9192-5EBEAC2E8BFC}.Release|Any CPU.ActiveCfg = Release|Any CPU
		{0DDBF157-559D-49CC-9192-5EBEAC2E8BFC}.Release|Any CPU.Build.0 = Release|Any CPU
	EndGlobalSection
	GlobalSection(SolutionProperties) = preSolution
		HideSolutionNode = FALSE
	EndGlobalSection
	GlobalSection(ExtensibilityGlobals) = postSolution
		SolutionGuid = {8C2FDEEE-B276-4D05-9E2B-8EB2042B463B}
	EndGlobalSection
EndGlobal
